
Microsoft Visual Studio Solution File, Format Version 12.00
# Visual Studio Version 16
VisualStudioVersion = 16.0.31624.102
MinimumVisualStudioVersion = 10.0.40219.1
Project("{FAE04EC0-301F-11D3-BF4B-00C04F79EFBC}") = "Bai3.1_BangMaASCII", "Bai3.1_BangMaASCII\Bai3.1_BangMaASCII.csproj", "{C7A7073D-BD92-49AD-A8E9-CE2D5045E04E}"
EndProject
Project("{FAE04EC0-301F-11D3-BF4B-00C04F79EFBC}") = "Bai3.2_TuLoKho", "Bai3.2_TuLoKho\Bai3.2_TuLoKho.csproj", "{9142D38C-60C8-45AA-930D-39F6268CEDD7}"
EndProject
Global
	GlobalSection(SolutionConfigurationPlatforms) = preSolution
		Debug|Any CPU = Debug|Any CPU
		Release|Any CPU = Release|Any CPU
	EndGlobalSection
	GlobalSection(ProjectConfigurationPlatforms) = postSolution
		{C7A7073D-BD92-49AD-A8E9-CE2D5045E04E}.Debug|Any CPU.ActiveCfg = Debug|Any CPU
		{C7A7073D-BD92-49AD-A8E9-CE2D5045E04E}.Debug|Any CPU.Build.0 = Debug|Any CPU
		{C7A7073D-BD92-49AD-A8E9-CE2D5045E04E}.Release|Any CPU.ActiveCfg = Release|Any CPU
		{C7A7073D-BD92-49AD-A8E9-CE2D5045E04E}.Release|Any CPU.Build.0 = Release|Any CPU
		{9142D38C-60C8-45AA-930D-39F6268CEDD7}.Debug|Any CPU.ActiveCfg = Debug|Any CPU
		{9142D38C-60C8-45AA-930D-39F6268CEDD7}.Debug|Any CPU.Build.0 = Debug|Any CPU
		{9142D38C-60C8-45AA-930D-39F6268CEDD7}.Release|Any CPU.ActiveCfg = Release|Any CPU
		{9142D38C-60C8-45AA-930D-39F6268CEDD7}.Release|Any CPU.Build.0 = Release|Any CPU
	EndGlobalSection
	GlobalSection(SolutionProperties) = preSolution
		HideSolutionNode = FALSE
	EndGlobalSection
	GlobalSection(ExtensibilityGlobals) = postSolution
		SolutionGuid = {6D39351D-58B4-4306-8CE7-6541E1999F4D}
	EndGlobalSection
EndGlobal
