
Microsoft Visual Studio Solution File, Format Version 12.00
# Visual Studio Version 16
VisualStudioVersion = 16.0.31229.75
MinimumVisualStudioVersion = 10.0.40219.1
Project("{9A19103F-16F7-4668-BE54-9A1E7A4F7556}") = "Bai2.1_SinhNgauNhienTheoKhoang", "Bai2.1_SinhNgauNhienTheoKhoang\Bai2.1_SinhNgauNhienTheoKhoang.csproj", "{A3982C85-77F1-4242-8563-122632FC5688}"
EndProject
Project("{9A19103F-16F7-4668-BE54-9A1E7A4F7556}") = "Bai2.2_SinhNgauNhienTang", "Bai2.2_SinhNgauNhienTang\Bai2.2_SinhNgauNhienTang.csproj", "{2E06193A-4CC4-4EDB-A566-4263D7B12555}"
EndProject
Project("{9A19103F-16F7-4668-BE54-9A1E7A4F7556}") = "Bai2.3_SinhHoanViNgauNhien", "Bai2.3_SinhHoanViNgauNhien\Bai2.3_SinhHoanViNgauNhien.csproj", "{E03228F3-B83A-4714-890F-046CB1C3DEA1}"
EndProject
Project("{9A19103F-16F7-4668-BE54-9A1E7A4F7556}") = "Bai2.4_SinhNgauNhienDeu", "Bai2.4_SinhNgauNhienDeu\Bai2.4_SinhNgauNhienDeu.csproj", "{DFB81C07-5036-4711-85C6-E009D4152AA2}"
EndProject
Project("{FAE04EC0-301F-11D3-BF4B-00C04F79EFBC}") = "Bai2.5_SinhNgauNhienTyLe", "Bai2.5_SinhNgauNhienTyLe\Bai2.5_SinhNgauNhienTyLe.csproj", "{1AE38778-082B-4844-967A-EB3DB22EBA7B}"
EndProject
Project("{FAE04EC0-301F-11D3-BF4B-00C04F79EFBC}") = "Bai2.6_SinhNgauNhienTepTang", "Bai2.6_SinhNgauNhienTepTang\Bai2.6_SinhNgauNhienTepTang.csproj", "{55C5224C-640B-4DBA-89E1-AFD4B2CA873B}"
EndProject
Project("{FAE04EC0-301F-11D3-BF4B-00C04F79EFBC}") = "Bai2.7_SinhNgauNhienTepCapSoCong", "Bai2.7_SinhNgauNhienTepCapSoCong\Bai2.7_SinhNgauNhienTepCapSoCong.csproj", "{3F8C71D5-CDAC-4FAB-A307-83AD0D4A5D7F}"
EndProject
Global
	GlobalSection(SolutionConfigurationPlatforms) = preSolution
		Debug|Any CPU = Debug|Any CPU
		Release|Any CPU = Release|Any CPU
	EndGlobalSection
	GlobalSection(ProjectConfigurationPlatforms) = postSolution
		{A3982C85-77F1-4242-8563-122632FC5688}.Debug|Any CPU.ActiveCfg = Debug|Any CPU
		{A3982C85-77F1-4242-8563-122632FC5688}.Debug|Any CPU.Build.0 = Debug|Any CPU
		{A3982C85-77F1-4242-8563-122632FC5688}.Release|Any CPU.ActiveCfg = Release|Any CPU
		{A3982C85-77F1-4242-8563-122632FC5688}.Release|Any CPU.Build.0 = Release|Any CPU
		{2E06193A-4CC4-4EDB-A566-4263D7B12555}.Debug|Any CPU.ActiveCfg = Debug|Any CPU
		{2E06193A-4CC4-4EDB-A566-4263D7B12555}.Debug|Any CPU.Build.0 = Debug|Any CPU
		{2E06193A-4CC4-4EDB-A566-4263D7B12555}.Release|Any CPU.ActiveCfg = Release|Any CPU
		{2E06193A-4CC4-4EDB-A566-4263D7B12555}.Release|Any CPU.Build.0 = Release|Any CPU
		{E03228F3-B83A-4714-890F-046CB1C3DEA1}.Debug|Any CPU.ActiveCfg = Debug|Any CPU
		{E03228F3-B83A-4714-890F-046CB1C3DEA1}.Debug|Any CPU.Build.0 = Debug|Any CPU
		{E03228F3-B83A-4714-890F-046CB1C3DEA1}.Release|Any CPU.ActiveCfg = Release|Any CPU
		{E03228F3-B83A-4714-890F-046CB1C3DEA1}.Release|Any CPU.Build.0 = Release|Any CPU
		{DFB81C07-5036-4711-85C6-E009D4152AA2}.Debug|Any CPU.ActiveCfg = Debug|Any CPU
		{DFB81C07-5036-4711-85C6-E009D4152AA2}.Debug|Any CPU.Build.0 = Debug|Any CPU
		{DFB81C07-5036-4711-85C6-E009D4152AA2}.Release|Any CPU.ActiveCfg = Release|Any CPU
		{DFB81C07-5036-4711-85C6-E009D4152AA2}.Release|Any CPU.Build.0 = Release|Any CPU
		{1AE38778-082B-4844-967A-EB3DB22EBA7B}.Debug|Any CPU.ActiveCfg = Debug|Any CPU
		{1AE38778-082B-4844-967A-EB3DB22EBA7B}.Debug|Any CPU.Build.0 = Debug|Any CPU
		{1AE38778-082B-4844-967A-EB3DB22EBA7B}.Release|Any CPU.ActiveCfg = Release|Any CPU
		{1AE38778-082B-4844-967A-EB3DB22EBA7B}.Release|Any CPU.Build.0 = Release|Any CPU
		{55C5224C-640B-4DBA-89E1-AFD4B2CA873B}.Debug|Any CPU.ActiveCfg = Debug|Any CPU
		{55C5224C-640B-4DBA-89E1-AFD4B2CA873B}.Debug|Any CPU.Build.0 = Debug|Any CPU
		{55C5224C-640B-4DBA-89E1-AFD4B2CA873B}.Release|Any CPU.ActiveCfg = Release|Any CPU
		{55C5224C-640B-4DBA-89E1-AFD4B2CA873B}.Release|Any CPU.Build.0 = Release|Any CPU
		{3F8C71D5-CDAC-4FAB-A307-83AD0D4A5D7F}.Debug|Any CPU.ActiveCfg = Debug|Any CPU
		{3F8C71D5-CDAC-4FAB-A307-83AD0D4A5D7F}.Debug|Any CPU.Build.0 = Debug|Any CPU
		{3F8C71D5-CDAC-4FAB-A307-83AD0D4A5D7F}.Release|Any CPU.ActiveCfg = Release|Any CPU
		{3F8C71D5-CDAC-4FAB-A307-83AD0D4A5D7F}.Release|Any CPU.Build.0 = Release|Any CPU
	EndGlobalSection
	GlobalSection(SolutionProperties) = preSolution
		HideSolutionNode = FALSE
	EndGlobalSection
	GlobalSection(ExtensibilityGlobals) = postSolution
		SolutionGuid = {F41C85B0-3392-4617-AC13-E6588C88C8A4}
	EndGlobalSection
EndGlobal
