
Microsoft Visual Studio Solution File, Format Version 12.00
# Visual Studio Version 16
VisualStudioVersion = 16.0.31702.278
MinimumVisualStudioVersion = 10.0.40219.1
Project("{FAE04EC0-301F-11D3-BF4B-00C04F79EFBC}") = "Bai4.1_Cum", "Bai4.1_Cum\Bai4.1_Cum.csproj", "{22C2435A-D486-408F-9935-812B135FF7BB}"
EndProject
Project("{FAE04EC0-301F-11D3-BF4B-00C04F79EFBC}") = "Bai4.4_SapMang", "Bai4.4_SapMang\Bai4.4_SapMang.csproj", "{73390783-CDF1-4B73-8441-00B546AF6140}"
EndProject
Global
	GlobalSection(SolutionConfigurationPlatforms) = preSolution
		Debug|Any CPU = Debug|Any CPU
		Release|Any CPU = Release|Any CPU
	EndGlobalSection
	GlobalSection(ProjectConfigurationPlatforms) = postSolution
		{22C2435A-D486-408F-9935-812B135FF7BB}.Debug|Any CPU.ActiveCfg = Debug|Any CPU
		{22C2435A-D486-408F-9935-812B135FF7BB}.Debug|Any CPU.Build.0 = Debug|Any CPU
		{22C2435A-D486-408F-9935-812B135FF7BB}.Release|Any CPU.ActiveCfg = Release|Any CPU
		{22C2435A-D486-408F-9935-812B135FF7BB}.Release|Any CPU.Build.0 = Release|Any CPU
		{73390783-CDF1-4B73-8441-00B546AF6140}.Debug|Any CPU.ActiveCfg = Debug|Any CPU
		{73390783-CDF1-4B73-8441-00B546AF6140}.Debug|Any CPU.Build.0 = Debug|Any CPU
		{73390783-CDF1-4B73-8441-00B546AF6140}.Release|Any CPU.ActiveCfg = Release|Any CPU
		{73390783-CDF1-4B73-8441-00B546AF6140}.Release|Any CPU.Build.0 = Release|Any CPU
	EndGlobalSection
	GlobalSection(SolutionProperties) = preSolution
		HideSolutionNode = FALSE
	EndGlobalSection
	GlobalSection(ExtensibilityGlobals) = postSolution
		SolutionGuid = {0EBDE1C5-4DC2-4711-B77E-4FA4E2F3E780}
	EndGlobalSection
EndGlobal
